
Microsoft Visual Studio Solution File, Format Version 12.00
# Visual Studio Version 16
VisualStudioVersion = 16.0.31729.503
MinimumVisualStudioVersion = 10.0.40219.1
Project("{FAE04EC0-301F-11D3-BF4B-00C04F79EFBC}") = "Bron", "Bron\Bron.csproj", "{5ECB4493-CFCA-4064-B25C-A372DC575F72}"
EndProject
Global
	GlobalSection(SolutionConfigurationPlatforms) = preSolution
		Debug|Any CPU = Debug|Any CPU
		Release|Any CPU = Release|Any CPU
	EndGlobalSection
	GlobalSection(ProjectConfigurationPlatforms) = postSolution
		{5ECB4493-CFCA-4064-B25C-A372DC575F72}.Debug|Any CPU.ActiveCfg = Debug|Any CPU
		{5ECB4493-CFCA-4064-B25C-A372DC575F72}.Debug|Any CPU.Build.0 = Debug|Any CPU
		{5ECB4493-CFCA-4064-B25C-A372DC575F72}.Release|Any CPU.ActiveCfg = Release|Any CPU
		{5ECB4493-CFCA-4064-B25C-A372DC575F72}.Release|Any CPU.Build.0 = Release|Any CPU
	EndGlobalSection
	GlobalSection(SolutionProperties) = preSolution
		HideSolutionNode = FALSE
	EndGlobalSection
	GlobalSection(ExtensibilityGlobals) = postSolution
		SolutionGuid = {E928A985-4739-4477-8B6C-F658CF541159}
	EndGlobalSection
EndGlobal
